// !$*UTF8*$!
{
	archiveVersion = 1;
	classes = {
	};
	objectVersion = 46;
	objects = {

/* Begin PBXBuildFile section */
		3285569117F1C4C700A64ED2 /* __template_name__ControlUnit.cpp in Sources */ = {isa = PBXBuildFile; fileRef = 3285568B17F1C4C700A64ED2 /* __template_name__ControlUnit.cpp */; };
		3285569217F1C4C700A64ED2 /* __template_name__Driver.cpp in Sources */ = {isa = PBXBuildFile; fileRef = 3285568D17F1C4C700A64ED2 /* __template_name__Driver.cpp */; };
		3285569317F1C4C700A64ED2 /* __template_name__DriverSwitch.cpp in Sources */ = {isa = PBXBuildFile; fileRef = 3285568F17F1C4C700A64ED2 /* __template_name__DriverSwitch.cpp */; };
		3285569417F1C4C700A64ED2 /* main.cpp in Sources */ = {isa = PBXBuildFile; fileRef = 3285569017F1C4C700A64ED2 /* main.cpp */; };
		3285569517F1C8E900A64ED2 /* __template_name__Driver.cpp in Sources */ = {isa = PBXBuildFile; fileRef = 3285568D17F1C4C700A64ED2 /* __template_name__Driver.cpp */; };
		3285569617F1C8E900A64ED2 /* __template_name__Driver.h in Headers */ = {isa = PBXBuildFile; fileRef = 3285568E17F1C4C700A64ED2 /* __template_name__Driver.h */; };
		3285569717F1C8E900A64ED2 /* __template_name__DriverSwitch.cpp in Sources */ = {isa = PBXBuildFile; fileRef = 3285568F17F1C4C700A64ED2 /* __template_name__DriverSwitch.cpp */; };
/* End PBXBuildFile section */

/* Begin PBXCopyFilesBuildPhase section */
		3285567517F1C43D00A64ED2 /* CopyFiles */ = {
			isa = PBXCopyFilesBuildPhase;
			buildActionMask = 2147483647;
			dstPath = /usr/share/man/man1/;
			dstSubfolderSpec = 0;
			files = (
			);
			runOnlyForDeploymentPostprocessing = 1;
		};
/* End PBXCopyFilesBuildPhase section */

/* Begin PBXFileReference section */
		3285567717F1C43D00A64ED2 /* __template_name__ControlUnit */ = {isa = PBXFileReference; explicitFileType = "compiled.mach-o.executable"; includeInIndex = 0; path = __template_name__ControlUnit; sourceTree = BUILT_PRODUCTS_DIR; };
		3285568717F1C4AC00A64ED2 /* __template_name____template_name__.extension */ = {isa = PBXFileReference; explicitFileType = "compiled.mach-o.dylib"; includeInIndex = 0; path = "__template_name____template_name__.extension"; sourceTree = BUILT_PRODUCTS_DIR; };
		3285568B17F1C4C700A64ED2 /* __template_name__ControlUnit.cpp */ = {isa = PBXFileReference; fileEncoding = 4; lastKnownFileType = sourcecode.cpp.cpp; name = __template_name__ControlUnit.cpp; path = source/__template_name__ControlUnit.cpp; sourceTree = SOURCE_ROOT; };
		3285568C17F1C4C700A64ED2 /* __template_name__ControlUnit.h */ = {isa = PBXFileReference; fileEncoding = 4; lastKnownFileType = sourcecode.c.h; name = __template_name__ControlUnit.h; path = source/__template_name__ControlUnit.h; sourceTree = SOURCE_ROOT; };
		3285568D17F1C4C700A64ED2 /* __template_name__Driver.cpp */ = {isa = PBXFileReference; fileEncoding = 4; lastKnownFileType = sourcecode.cpp.cpp; name = __template_name__Driver.cpp; path = source/__template_name__Driver.cpp; sourceTree = SOURCE_ROOT; };
		3285568E17F1C4C700A64ED2 /* __template_name__Driver.h */ = {isa = PBXFileReference; fileEncoding = 4; lastKnownFileType = sourcecode.c.h; name = __template_name__Driver.h; path = source/__template_name__Driver.h; sourceTree = SOURCE_ROOT; };
		3285568F17F1C4C700A64ED2 /* __template_name__DriverSwitch.cpp */ = {isa = PBXFileReference; fileEncoding = 4; lastKnownFileType = sourcecode.cpp.cpp; name = __template_name__DriverSwitch.cpp; path = source/__template_name__DriverSwitch.cpp; sourceTree = SOURCE_ROOT; };
		3285569017F1C4C700A64ED2 /* main.cpp */ = {isa = PBXFileReference; fileEncoding = 4; lastKnownFileType = sourcecode.cpp.cpp; name = main.cpp; path = source/main.cpp; sourceTree = SOURCE_ROOT; };
/* End PBXFileReference section */

/* Begin PBXFrameworksBuildPhase section */
		3285567417F1C43D00A64ED2 /* Frameworks */ = {
			isa = PBXFrameworksBuildPhase;
			buildActionMask = 2147483647;
			files = (
			);
			runOnlyForDeploymentPostprocessing = 0;
		};
		3285568417F1C4AC00A64ED2 /* Frameworks */ = {
			isa = PBXFrameworksBuildPhase;
			buildActionMask = 2147483647;
			files = (
			);
			runOnlyForDeploymentPostprocessing = 0;
		};
/* End PBXFrameworksBuildPhase section */

/* Begin PBXGroup section */
		3285566E17F1C43D00A64ED2 = {
			isa = PBXGroup;
			children = (
				3285567917F1C43D00A64ED2 /* Driver */,
				3285567817F1C43D00A64ED2 /* Products */,
			);
			sourceTree = "<group>";
		};
		3285567817F1C43D00A64ED2 /* Products */ = {
			isa = PBXGroup;
			children = (
				3285567717F1C43D00A64ED2 /* __template_name__ControlUnit */,
				3285568717F1C4AC00A64ED2 /* __template_name____template_name__.extension */,
			);
			name = Products;
			sourceTree = "<group>";
		};
		3285567917F1C43D00A64ED2 /* Driver */ = {
			isa = PBXGroup;
			children = (
				3285568B17F1C4C700A64ED2 /* __template_name__ControlUnit.cpp */,
				3285568C17F1C4C700A64ED2 /* __template_name__ControlUnit.h */,
				3285568D17F1C4C700A64ED2 /* __template_name__Driver.cpp */,
				3285568E17F1C4C700A64ED2 /* __template_name__Driver.h */,
				3285568F17F1C4C700A64ED2 /* __template_name__DriverSwitch.cpp */,
				3285569017F1C4C700A64ED2 /* main.cpp */,
			);
			path = Driver;
			sourceTree = "<group>";
		};
/* End PBXGroup section */

/* Begin PBXHeadersBuildPhase section */
		3285568517F1C4AC00A64ED2 /* Headers */ = {
			isa = PBXHeadersBuildPhase;
			buildActionMask = 2147483647;
			files = (
				3285569617F1C8E900A64ED2 /* __template_name__Driver.h in Headers */,
			);
			runOnlyForDeploymentPostprocessing = 0;
		};
/* End PBXHeadersBuildPhase section */

/* Begin PBXNativeTarget section */
		3285567617F1C43D00A64ED2 /* __template_name__ControlUnit */ = {
			isa = PBXNativeTarget;
			buildConfigurationList = 3285568017F1C43D00A64ED2 /* Build configuration list for PBXNativeTarget "__template_name__ControlUnit" */;
			buildPhases = (
				3285567317F1C43D00A64ED2 /* Sources */,
				3285567417F1C43D00A64ED2 /* Frameworks */,
				3285567517F1C43D00A64ED2 /* CopyFiles */,
			);
			buildRules = (
			);
			dependencies = (
			);
			name = __template_name__ControlUnit;
			productName = Driver;
			productReference = 3285567717F1C43D00A64ED2 /* __template_name__ControlUnit */;
			productType = "com.apple.product-type.tool";
		};
		3285568617F1C4AC00A64ED2 /* __template_name____template_name__ */ = {
			isa = PBXNativeTarget;
			buildConfigurationList = 3285568A17F1C4AC00A64ED2 /* Build configuration list for PBXNativeTarget "__template_name____template_name__" */;
			buildPhases = (
				3285568317F1C4AC00A64ED2 /* Sources */,
				3285568417F1C4AC00A64ED2 /* Frameworks */,
				3285568517F1C4AC00A64ED2 /* Headers */,
			);
			buildRules = (
			);
			dependencies = (
			);
			name = "__template_name____template_name__";
			productName = DriverLib;
			productReference = 3285568717F1C4AC00A64ED2 /* __template_name____template_name__.extension */;
			productType = "com.apple.product-type.library.dynamic";
		};
/* End PBXNativeTarget section */

/* Begin PBXProject section */
		3285566F17F1C43D00A64ED2 /* Project object */ = {
			isa = PBXProject;
			attributes = {
				LastUpgradeCheck = 0500;
				ORGANIZATIONNAME = infn;
			};
			buildConfigurationList = 3285567217F1C43D00A64ED2 /* Build configuration list for PBXProject "__template_name__" */;
			compatibilityVersion = "Xcode 3.2";
			developmentRegion = English;
			hasScannedForEncodings = 0;
			knownRegions = (
				en,
			);
			mainGroup = 3285566E17F1C43D00A64ED2;
			productRefGroup = 3285567817F1C43D00A64ED2 /* Products */;
			projectDirPath = "";
			projectRoot = "";
			targets = (
				3285567617F1C43D00A64ED2 /* __template_name__ControlUnit */,
				3285568617F1C4AC00A64ED2 /* __template_name____template_name__ */,
			);
		};
/* End PBXProject section */

/* Begin PBXSourcesBuildPhase section */
		3285567317F1C43D00A64ED2 /* Sources */ = {
			isa = PBXSourcesBuildPhase;
			buildActionMask = 2147483647;
			files = (
				3285569217F1C4C700A64ED2 /* __template_name__Driver.cpp in Sources */,
				3285569317F1C4C700A64ED2 /* __template_name__DriverSwitch.cpp in Sources */,
				3285569417F1C4C700A64ED2 /* main.cpp in Sources */,
				3285569117F1C4C700A64ED2 /* __template_name__ControlUnit.cpp in Sources */,
			);
			runOnlyForDeploymentPostprocessing = 0;
		};
		3285568317F1C4AC00A64ED2 /* Sources */ = {
			isa = PBXSourcesBuildPhase;
			buildActionMask = 2147483647;
			files = (
				3285569717F1C8E900A64ED2 /* __template_name__DriverSwitch.cpp in Sources */,
				3285569517F1C8E900A64ED2 /* __template_name__Driver.cpp in Sources */,
			);
			runOnlyForDeploymentPostprocessing = 0;
		};
/* End PBXSourcesBuildPhase section */

/* Begin XCBuildConfiguration section */
		3285567E17F1C43D00A64ED2 /* Debug */ = {
			isa = XCBuildConfiguration;
			buildSettings = {
				ALWAYS_SEARCH_USER_PATHS = NO;
				CLANG_CXX_LANGUAGE_STANDARD = "gnu++0x";
				CLANG_CXX_LIBRARY = "compiler-default";
				CLANG_ENABLE_OBJC_ARC = YES;
				CLANG_WARN_BOOL_CONVERSION = YES;
				CLANG_WARN_CONSTANT_CONVERSION = YES;
				CLANG_WARN_DIRECT_OBJC_ISA_USAGE = YES_ERROR;
				CLANG_WARN_EMPTY_BODY = YES;
				CLANG_WARN_ENUM_CONVERSION = YES;
				CLANG_WARN_INT_CONVERSION = YES;
				CLANG_WARN_OBJC_ROOT_CLASS = YES_ERROR;
				CLANG_WARN__DUPLICATE_METHOD_MATCH = YES;
				COPY_PHASE_STRIP = NO;
				GCC_C_LANGUAGE_STANDARD = gnu99;
				GCC_DYNAMIC_NO_PIC = NO;
				GCC_ENABLE_OBJC_EXCEPTIONS = YES;
				GCC_OPTIMIZATION_LEVEL = 0;
				GCC_PREPROCESSOR_DEFINITIONS = (
					"DEBUG=1",
					"$(inherited)",
				);
				GCC_SYMBOLS_PRIVATE_EXTERN = NO;
				GCC_WARN_64_TO_32_BIT_CONVERSION = YES;
				GCC_WARN_ABOUT_RETURN_TYPE = YES_ERROR;
				GCC_WARN_UNDECLARED_SELECTOR = YES;
				GCC_WARN_UNINITIALIZED_AUTOS = YES;
				GCC_WARN_UNUSED_FUNCTION = YES;
				GCC_WARN_UNUSED_VARIABLE = YES;
				HEADER_SEARCH_PATHS = (
					"$(inherited)",
					/Applications/Xcode.app/Contents/Developer/Toolchains/XcodeDefault.xctoolchain/usr/include,
					../../usr/local/include,
				);
				LIBRARY_SEARCH_PATHS = "$(SRCROOT)/../../usr/local/lib";
				MACOSX_DEPLOYMENT_TARGET = 10.8;
				ONLY_ACTIVE_ARCH = YES;
				OTHER_LDFLAGS = (
					"-lboost_chrono",
					"-lmemcached",
					"-lboost_system",
					"-lboost_thread",
					"-lboost_program_options",
					"-lboost_regex",
					"-lboost_filesystem",
					"-lmpio",
					"-lmsgpack",
					"-lmsgpack-rpc",
					"-lboost_log",
					"-lboost_log_setup",
					"-lchaos_cutoolkit",
					"-lchaos_common",
				);
				SDKROOT = macosx;
			};
			name = Debug;
		};
		3285567F17F1C43D00A64ED2 /* Release */ = {
			isa = XCBuildConfiguration;
			buildSettings = {
				ALWAYS_SEARCH_USER_PATHS = NO;
				CLANG_CXX_LANGUAGE_STANDARD = "gnu++0x";
				CLANG_CXX_LIBRARY = "compiler-default";
				CLANG_ENABLE_OBJC_ARC = YES;
				CLANG_WARN_BOOL_CONVERSION = YES;
				CLANG_WARN_CONSTANT_CONVERSION = YES;
				CLANG_WARN_DIRECT_OBJC_ISA_USAGE = YES_ERROR;
				CLANG_WARN_EMPTY_BODY = YES;
				CLANG_WARN_ENUM_CONVERSION = YES;
				CLANG_WARN_INT_CONVERSION = YES;
				CLANG_WARN_OBJC_ROOT_CLASS = YES_ERROR;
				CLANG_WARN__DUPLICATE_METHOD_MATCH = YES;
				COPY_PHASE_STRIP = YES;
				DEBUG_INFORMATION_FORMAT = "dwarf-with-dsym";
				ENABLE_NS_ASSERTIONS = NO;
				GCC_C_LANGUAGE_STANDARD = gnu99;
				GCC_ENABLE_OBJC_EXCEPTIONS = YES;
				GCC_WARN_64_TO_32_BIT_CONVERSION = YES;
				GCC_WARN_ABOUT_RETURN_TYPE = YES_ERROR;
				GCC_WARN_UNDECLARED_SELECTOR = YES;
				GCC_WARN_UNINITIALIZED_AUTOS = YES;
				GCC_WARN_UNUSED_FUNCTION = YES;
				GCC_WARN_UNUSED_VARIABLE = YES;
				HEADER_SEARCH_PATHS = (
					"$(inherited)",
					/Applications/Xcode.app/Contents/Developer/Toolchains/XcodeDefault.xctoolchain/usr/include,
					../../usr/local/include,
				);
				LIBRARY_SEARCH_PATHS = "$(SRCROOT)/../../usr/local/lib";
				MACOSX_DEPLOYMENT_TARGET = 10.8;
				OTHER_LDFLAGS = (
					"-lboost_chrono",
					"-lmemcached",
					"-lboost_system",
					"-lboost_thread",
					"-lboost_program_options",
					"-lboost_regex",
					"-lboost_filesystem",
					"-lmpio",
					"-lmsgpack",
					"-lmsgpack-rpc",
					"-lboost_log",
					"-lboost_log_setup",
					"-lchaos_cutoolkit",
					"-lchaos_common",
				);
				SDKROOT = macosx;
			};
			name = Release;
		};
		3285568117F1C43D00A64ED2 /* Debug */ = {
			isa = XCBuildConfiguration;
			buildSettings = {
				CONFIGURATION_BUILD_DIR = "$(SRCROOT)/../../usr/local/bin";
				PRODUCT_NAME = "$(TARGET_NAME)";
			};
			name = Debug;
		};
		3285568217F1C43D00A64ED2 /* Release */ = {
			isa = XCBuildConfiguration;
			buildSettings = {
				CONFIGURATION_BUILD_DIR = "$(SRCROOT)/../../usr/local/bin";
				PRODUCT_NAME = "$(TARGET_NAME)";
			};
			name = Release;
		};
		3285568817F1C4AC00A64ED2 /* Debug */ = {
			isa = XCBuildConfiguration;
			buildSettings = {
				CONFIGURATION_BUILD_DIR = "$(SRCROOT)/../../usr/local/extension";
				EXECUTABLE_EXTENSION = extension;
				EXECUTABLE_PREFIX = "";
				GCC_PREPROCESSOR_DEFINITIONS = (
					"DEBUG=1",
					"$(inherited)",
				);
				HEADER_SEARCH_PATHS = (
					"$(inherited)",
					/Applications/Xcode.app/Contents/Developer/Toolchains/XcodeDefault.xctoolchain/usr/include,
					../../usr/local/include,
				);
				PRODUCT_NAME = "__template_name____template_name__";
			};
			name = Debug;
		};
		3285568917F1C4AC00A64ED2 /* Release */ = {
			isa = XCBuildConfiguration;
			buildSettings = {
				CONFIGURATION_BUILD_DIR = "$(SRCROOT)/../../usr/local/extension";
				EXECUTABLE_EXTENSION = extension;
				EXECUTABLE_PREFIX = "";
				HEADER_SEARCH_PATHS = (
					"$(inherited)",
					/Applications/Xcode.app/Contents/Developer/Toolchains/XcodeDefault.xctoolchain/usr/include,
					../../usr/local/include,
				);
				PRODUCT_NAME = "__template_name____template_name__";
			};
			name = Release;
		};
/* End XCBuildConfiguration section */

/* Begin XCConfigurationList section */
		3285567217F1C43D00A64ED2 /* Build configuration list for PBXProject "__template_name__" */ = {
			isa = XCConfigurationList;
			buildConfigurations = (
				3285567E17F1C43D00A64ED2 /* Debug */,
				3285567F17F1C43D00A64ED2 /* Release */,
			);
			defaultConfigurationIsVisible = 0;
			defaultConfigurationName = Release;
		};
		3285568017F1C43D00A64ED2 /* Build configuration list for PBXNativeTarget "__template_name__ControlUnit" */ = {
			isa = XCConfigurationList;
			buildConfigurations = (
				3285568117F1C43D00A64ED2 /* Debug */,
				3285568217F1C43D00A64ED2 /* Release */,
			);
			defaultConfigurationIsVisible = 0;
			defaultConfigurationName = Release;
		};
		3285568A17F1C4AC00A64ED2 /* Build configuration list for PBXNativeTarget "__template_name____template_name__" */ = {
			isa = XCConfigurationList;
			buildConfigurations = (
				3285568817F1C4AC00A64ED2 /* Debug */,
				3285568917F1C4AC00A64ED2 /* Release */,
			);
			defaultConfigurationIsVisible = 0;
		};
/* End XCConfigurationList section */
	};
	rootObject = 3285566F17F1C43D00A64ED2 /* Project object */;
}
